
Microsoft Visual Studio Solution File, Format Version 12.00
# Visual Studio Version 17
VisualStudioVersion = 17.6.33723.286
MinimumVisualStudioVersion = 10.0.40219.1
Project("{FAE04EC0-301F-11D3-BF4B-00C04F79EFBC}") = "CreditCardValidation.Web", "CreditCardValidation.Web\CreditCardValidation.Web.csproj", "{491DD76B-22BB-4CA1-8CBF-9198D86C1079}"
EndProject
Global
	GlobalSection(SolutionConfigurationPlatforms) = preSolution
		Debug|Any CPU = Debug|Any CPU
		Release|Any CPU = Release|Any CPU
	EndGlobalSection
	GlobalSection(ProjectConfigurationPlatforms) = postSolution
		{491DD76B-22BB-4CA1-8CBF-9198D86C1079}.Debug|Any CPU.ActiveCfg = Debug|Any CPU
		{491DD76B-22BB-4CA1-8CBF-9198D86C1079}.Debug|Any CPU.Build.0 = Debug|Any CPU
		{491DD76B-22BB-4CA1-8CBF-9198D86C1079}.Release|Any CPU.ActiveCfg = Release|Any CPU
		{491DD76B-22BB-4CA1-8CBF-9198D86C1079}.Release|Any CPU.Build.0 = Release|Any CPU
	EndGlobalSection
	GlobalSection(SolutionProperties) = preSolution
		HideSolutionNode = FALSE
	EndGlobalSection
	GlobalSection(ExtensibilityGlobals) = postSolution
		SolutionGuid = {F2AEE990-1209-4CB8-84BC-9CF96A98886C}
	EndGlobalSection
EndGlobal
